
Microsoft Visual Studio Solution File, Format Version 12.00
# Visual Studio 15
VisualStudioVersion = 15.0.28307.168
MinimumVisualStudioVersion = 10.0.40219.1
Project("{FAE04EC0-301F-11D3-BF4B-00C04F79EFBC}") = "FaceIdTDA", "FaceIdTDA\FaceIdTDA.csproj", "{1A11E653-BC8D-40F6-8CCB-ED8F9B5CB43B}"
EndProject
Global
	GlobalSection(SolutionConfigurationPlatforms) = preSolution
		Debug|Any CPU = Debug|Any CPU
		Release|Any CPU = Release|Any CPU
	EndGlobalSection
	GlobalSection(ProjectConfigurationPlatforms) = postSolution
		{1A11E653-BC8D-40F6-8CCB-ED8F9B5CB43B}.Debug|Any CPU.ActiveCfg = Debug|Any CPU
		{1A11E653-BC8D-40F6-8CCB-ED8F9B5CB43B}.Debug|Any CPU.Build.0 = Debug|Any CPU
		{1A11E653-BC8D-40F6-8CCB-ED8F9B5CB43B}.Release|Any CPU.ActiveCfg = Release|Any CPU
		{1A11E653-BC8D-40F6-8CCB-ED8F9B5CB43B}.Release|Any CPU.Build.0 = Release|Any CPU
	EndGlobalSection
	GlobalSection(SolutionProperties) = preSolution
		HideSolutionNode = FALSE
	EndGlobalSection
	GlobalSection(ExtensibilityGlobals) = postSolution
		SolutionGuid = {B88CCC77-71BC-42CA-9A5D-9BD4D378B578}
	EndGlobalSection
EndGlobal
